// !$*UTF8*$!
{
	archiveVersion = 1;
	classes = {
	};
	objectVersion = 50;
	objects = {

/* Begin PBXBuildFile section */
		F8EE74F220D00213008D5A59 /* AppDelegate.swift in Sources */ = {isa = PBXBuildFile; fileRef = F8EE74F120D00213008D5A59 /* AppDelegate.swift */; };
		F8EE74F420D00213008D5A59 /* ViewController.swift in Sources */ = {isa = PBXBuildFile; fileRef = F8EE74F320D00213008D5A59 /* ViewController.swift */; };
		F8EE74F720D00214008D5A59 /* Main.storyboard in Resources */ = {isa = PBXBuildFile; fileRef = F8EE74F520D00214008D5A59 /* Main.storyboard */; };
		F8EE74F920D00217008D5A59 /* Assets.xcassets in Resources */ = {isa = PBXBuildFile; fileRef = F8EE74F820D00217008D5A59 /* Assets.xcassets */; };
		F8EE74FC20D00217008D5A59 /* LaunchScreen.storyboard in Resources */ = {isa = PBXBuildFile; fileRef = F8EE74FA20D00217008D5A59 /* LaunchScreen.storyboard */; };
		F8EE750720D00217008D5A59 /* testOfGrammer2Tests.swift in Sources */ = {isa = PBXBuildFile; fileRef = F8EE750620D00217008D5A59 /* testOfGrammer2Tests.swift */; };
		F8EE751220D00217008D5A59 /* testOfGrammer2UITests.swift in Sources */ = {isa = PBXBuildFile; fileRef = F8EE751120D00217008D5A59 /* testOfGrammer2UITests.swift */; };
/* End PBXBuildFile section */

/* Begin PBXContainerItemProxy section */
		F8EE750320D00217008D5A59 /* PBXContainerItemProxy */ = {
			isa = PBXContainerItemProxy;
			containerPortal = F8EE74E620D00213008D5A59 /* Project object */;
			proxyType = 1;
			remoteGlobalIDString = F8EE74ED20D00213008D5A59;
			remoteInfo = testOfGrammer2;
		};
		F8EE750E20D00217008D5A59 /* PBXContainerItemProxy */ = {
			isa = PBXContainerItemProxy;
			containerPortal = F8EE74E620D00213008D5A59 /* Project object */;
			proxyType = 1;
			remoteGlobalIDString = F8EE74ED20D00213008D5A59;
			remoteInfo = testOfGrammer2;
		};
/* End PBXContainerItemProxy section */

/* Begin PBXFileReference section */
		F8EE74EE20D00213008D5A59 /* testOfGrammer2.app */ = {isa = PBXFileReference; explicitFileType = wrapper.application; includeInIndex = 0; path = testOfGrammer2.app; sourceTree = BUILT_PRODUCTS_DIR; };
		F8EE74F120D00213008D5A59 /* AppDelegate.swift */ = {isa = PBXFileReference; lastKnownFileType = sourcecode.swift; path = AppDelegate.swift; sourceTree = "<group>"; };
		F8EE74F320D00213008D5A59 /* ViewController.swift */ = {isa = PBXFileReference; lastKnownFileType = sourcecode.swift; path = ViewController.swift; sourceTree = "<group>"; };
		F8EE74F620D00214008D5A59 /* Base */ = {isa = PBXFileReference; lastKnownFileType = file.storyboard; name = Base; path = Base.lproj/Main.storyboard; sourceTree = "<group>"; };
		F8EE74F820D00217008D5A59 /* Assets.xcassets */ = {isa = PBXFileReference; lastKnownFileType = folder.assetcatalog; path = Assets.xcassets; sourceTree = "<group>"; };
		F8EE74FB20D00217008D5A59 /* Base */ = {isa = PBXFileReference; lastKnownFileType = file.storyboard; name = Base; path = Base.lproj/LaunchScreen.storyboard; sourceTree = "<group>"; };
		F8EE74FD20D00217008D5A59 /* Info.plist */ = {isa = PBXFileReference; lastKnownFileType = text.plist.xml; path = Info.plist; sourceTree = "<group>"; };
		F8EE750220D00217008D5A59 /* testOfGrammer2Tests.xctest */ = {isa = PBXFileReference; explicitFileType = wrapper.cfbundle; includeInIndex = 0; path = testOfGrammer2Tests.xctest; sourceTree = BUILT_PRODUCTS_DIR; };
		F8EE750620D00217008D5A59 /* testOfGrammer2Tests.swift */ = {isa = PBXFileReference; lastKnownFileType = sourcecode.swift; path = testOfGrammer2Tests.swift; sourceTree = "<group>"; };
		F8EE750820D00217008D5A59 /* Info.plist */ = {isa = PBXFileReference; lastKnownFileType = text.plist.xml; path = Info.plist; sourceTree = "<group>"; };
		F8EE750D20D00217008D5A59 /* testOfGrammer2UITests.xctest */ = {isa = PBXFileReference; explicitFileType = wrapper.cfbundle; includeInIndex = 0; path = testOfGrammer2UITests.xctest; sourceTree = BUILT_PRODUCTS_DIR; };
		F8EE751120D00217008D5A59 /* testOfGrammer2UITests.swift */ = {isa = PBXFileReference; lastKnownFileType = sourcecode.swift; path = testOfGrammer2UITests.swift; sourceTree = "<group>"; };
		F8EE751320D00217008D5A59 /* Info.plist */ = {isa = PBXFileReference; lastKnownFileType = text.plist.xml; path = Info.plist; sourceTree = "<group>"; };
/* End PBXFileReference section */

/* Begin PBXFrameworksBuildPhase section */
		F8EE74EB20D00213008D5A59 /* Frameworks */ = {
			isa = PBXFrameworksBuildPhase;
			buildActionMask = 2147483647;
			files = (
			);
			runOnlyForDeploymentPostprocessing = 0;
		};
		F8EE74FF20D00217008D5A59 /* Frameworks */ = {
			isa = PBXFrameworksBuildPhase;
			buildActionMask = 2147483647;
			files = (
			);
			runOnlyForDeploymentPostprocessing = 0;
		};
		F8EE750A20D00217008D5A59 /* Frameworks */ = {
			isa = PBXFrameworksBuildPhase;
			buildActionMask = 2147483647;
			files = (
			);
			runOnlyForDeploymentPostprocessing = 0;
		};
/* End PBXFrameworksBuildPhase section */

/* Begin PBXGroup section */
		F8EE74E520D00213008D5A59 = {
			isa = PBXGroup;
			children = (
				F8EE74F020D00213008D5A59 /* testOfGrammer2 */,
				F8EE750520D00217008D5A59 /* testOfGrammer2Tests */,
				F8EE751020D00217008D5A59 /* testOfGrammer2UITests */,
				F8EE74EF20D00213008D5A59 /* Products */,
			);
			sourceTree = "<group>";
		};
		F8EE74EF20D00213008D5A59 /* Products */ = {
			isa = PBXGroup;
			children = (
				F8EE74EE20D00213008D5A59 /* testOfGrammer2.app */,
				F8EE750220D00217008D5A59 /* testOfGrammer2Tests.xctest */,
				F8EE750D20D00217008D5A59 /* testOfGrammer2UITests.xctest */,
			);
			name = Products;
			sourceTree = "<group>";
		};
		F8EE74F020D00213008D5A59 /* testOfGrammer2 */ = {
			isa = PBXGroup;
			children = (
				F8EE74F120D00213008D5A59 /* AppDelegate.swift */,
				F8EE74F320D00213008D5A59 /* ViewController.swift */,
				F8EE74F520D00214008D5A59 /* Main.storyboard */,
				F8EE74F820D00217008D5A59 /* Assets.xcassets */,
				F8EE74FA20D00217008D5A59 /* LaunchScreen.storyboard */,
				F8EE74FD20D00217008D5A59 /* Info.plist */,
			);
			path = testOfGrammer2;
			sourceTree = "<group>";
		};
		F8EE750520D00217008D5A59 /* testOfGrammer2Tests */ = {
			isa = PBXGroup;
			children = (
				F8EE750620D00217008D5A59 /* testOfGrammer2Tests.swift */,
				F8EE750820D00217008D5A59 /* Info.plist */,
			);
			path = testOfGrammer2Tests;
			sourceTree = "<group>";
		};
		F8EE751020D00217008D5A59 /* testOfGrammer2UITests */ = {
			isa = PBXGroup;
			children = (
				F8EE751120D00217008D5A59 /* testOfGrammer2UITests.swift */,
				F8EE751320D00217008D5A59 /* Info.plist */,
			);
			path = testOfGrammer2UITests;
			sourceTree = "<group>";
		};
/* End PBXGroup section */

/* Begin PBXNativeTarget section */
		F8EE74ED20D00213008D5A59 /* testOfGrammer2 */ = {
			isa = PBXNativeTarget;
			buildConfigurationList = F8EE751620D00217008D5A59 /* Build configuration list for PBXNativeTarget "testOfGrammer2" */;
			buildPhases = (
				F8EE74EA20D00213008D5A59 /* Sources */,
				F8EE74EB20D00213008D5A59 /* Frameworks */,
				F8EE74EC20D00213008D5A59 /* Resources */,
			);
			buildRules = (
			);
			dependencies = (
			);
			name = testOfGrammer2;
			productName = testOfGrammer2;
			productReference = F8EE74EE20D00213008D5A59 /* testOfGrammer2.app */;
			productType = "com.apple.product-type.application";
		};
		F8EE750120D00217008D5A59 /* testOfGrammer2Tests */ = {
			isa = PBXNativeTarget;
			buildConfigurationList = F8EE751920D00217008D5A59 /* Build configuration list for PBXNativeTarget "testOfGrammer2Tests" */;
			buildPhases = (
				F8EE74FE20D00217008D5A59 /* Sources */,
				F8EE74FF20D00217008D5A59 /* Frameworks */,
				F8EE750020D00217008D5A59 /* Resources */,
			);
			buildRules = (
			);
			dependencies = (
				F8EE750420D00217008D5A59 /* PBXTargetDependency */,
			);
			name = testOfGrammer2Tests;
			productName = testOfGrammer2Tests;
			productReference = F8EE750220D00217008D5A59 /* testOfGrammer2Tests.xctest */;
			productType = "com.apple.product-type.bundle.unit-test";
		};
		F8EE750C20D00217008D5A59 /* testOfGrammer2UITests */ = {
			isa = PBXNativeTarget;
			buildConfigurationList = F8EE751C20D00217008D5A59 /* Build configuration list for PBXNativeTarget "testOfGrammer2UITests" */;
			buildPhases = (
				F8EE750920D00217008D5A59 /* Sources */,
				F8EE750A20D00217008D5A59 /* Frameworks */,
				F8EE750B20D00217008D5A59 /* Resources */,
			);
			buildRules = (
			);
			dependencies = (
				F8EE750F20D00217008D5A59 /* PBXTargetDependency */,
			);
			name = testOfGrammer2UITests;
			productName = testOfGrammer2UITests;
			productReference = F8EE750D20D00217008D5A59 /* testOfGrammer2UITests.xctest */;
			productType = "com.apple.product-type.bundle.ui-testing";
		};
/* End PBXNativeTarget section */

/* Begin PBXProject section */
		F8EE74E620D00213008D5A59 /* Project object */ = {
			isa = PBXProject;
			attributes = {
				LastSwiftUpdateCheck = 0930;
				LastUpgradeCheck = 0930;
				ORGANIZATIONNAME = naruzo;
				TargetAttributes = {
					F8EE74ED20D00213008D5A59 = {
						CreatedOnToolsVersion = 9.3.1;
					};
					F8EE750120D00217008D5A59 = {
						CreatedOnToolsVersion = 9.3.1;
						TestTargetID = F8EE74ED20D00213008D5A59;
					};
					F8EE750C20D00217008D5A59 = {
						CreatedOnToolsVersion = 9.3.1;
						TestTargetID = F8EE74ED20D00213008D5A59;
					};
				};
			};
			buildConfigurationList = F8EE74E920D00213008D5A59 /* Build configuration list for PBXProject "testOfGrammer2" */;
			compatibilityVersion = "Xcode 9.3";
			developmentRegion = en;
			hasScannedForEncodings = 0;
			knownRegions = (
				en,
				Base,
			);
			mainGroup = F8EE74E520D00213008D5A59;
			productRefGroup = F8EE74EF20D00213008D5A59 /* Products */;
			projectDirPath = "";
			projectRoot = "";
			targets = (
				F8EE74ED20D00213008D5A59 /* testOfGrammer2 */,
				F8EE750120D00217008D5A59 /* testOfGrammer2Tests */,
				F8EE750C20D00217008D5A59 /* testOfGrammer2UITests */,
			);
		};
/* End PBXProject section */

/* Begin PBXResourcesBuildPhase section */
		F8EE74EC20D00213008D5A59 /* Resources */ = {
			isa = PBXResourcesBuildPhase;
			buildActionMask = 2147483647;
			files = (
				F8EE74FC20D00217008D5A59 /* LaunchScreen.storyboard in Resources */,
				F8EE74F920D00217008D5A59 /* Assets.xcassets in Resources */,
				F8EE74F720D00214008D5A59 /* Main.storyboard in Resources */,
			);
			runOnlyForDeploymentPostprocessing = 0;
		};
		F8EE750020D00217008D5A59 /* Resources */ = {
			isa = PBXResourcesBuildPhase;
			buildActionMask = 2147483647;
			files = (
			);
			runOnlyForDeploymentPostprocessing = 0;
		};
		F8EE750B20D00217008D5A59 /* Resources */ = {
			isa = PBXResourcesBuildPhase;
			buildActionMask = 2147483647;
			files = (
			);
			runOnlyForDeploymentPostprocessing = 0;
		};
/* End PBXResourcesBuildPhase section */

/* Begin PBXSourcesBuildPhase section */
		F8EE74EA20D00213008D5A59 /* Sources */ = {
			isa = PBXSourcesBuildPhase;
			buildActionMask = 2147483647;
			files = (
				F8EE74F420D00213008D5A59 /* ViewController.swift in Sources */,
				F8EE74F220D00213008D5A59 /* AppDelegate.swift in Sources */,
			);
			runOnlyForDeploymentPostprocessing = 0;
		};
		F8EE74FE20D00217008D5A59 /* Sources */ = {
			isa = PBXSourcesBuildPhase;
			buildActionMask = 2147483647;
			files = (
				F8EE750720D00217008D5A59 /* testOfGrammer2Tests.swift in Sources */,
			);
			runOnlyForDeploymentPostprocessing = 0;
		};
		F8EE750920D00217008D5A59 /* Sources */ = {
			isa = PBXSourcesBuildPhase;
			buildActionMask = 2147483647;
			files = (
				F8EE751220D00217008D5A59 /* testOfGrammer2UITests.swift in Sources */,
			);
			runOnlyForDeploymentPostprocessing = 0;
		};
/* End PBXSourcesBuildPhase section */

/* Begin PBXTargetDependency section */
		F8EE750420D00217008D5A59 /* PBXTargetDependency */ = {
			isa = PBXTargetDependency;
			target = F8EE74ED20D00213008D5A59 /* testOfGrammer2 */;
			targetProxy = F8EE750320D00217008D5A59 /* PBXContainerItemProxy */;
		};
		F8EE750F20D00217008D5A59 /* PBXTargetDependency */ = {
			isa = PBXTargetDependency;
			target = F8EE74ED20D00213008D5A59 /* testOfGrammer2 */;
			targetProxy = F8EE750E20D00217008D5A59 /* PBXContainerItemProxy */;
		};
/* End PBXTargetDependency section */

/* Begin PBXVariantGroup section */
		F8EE74F520D00214008D5A59 /* Main.storyboard */ = {
			isa = PBXVariantGroup;
			children = (
				F8EE74F620D00214008D5A59 /* Base */,
			);
			name = Main.storyboard;
			sourceTree = "<group>";
		};
		F8EE74FA20D00217008D5A59 /* LaunchScreen.storyboard */ = {
			isa = PBXVariantGroup;
			children = (
				F8EE74FB20D00217008D5A59 /* Base */,
			);
			name = LaunchScreen.storyboard;
			sourceTree = "<group>";
		};
/* End PBXVariantGroup section */

/* Begin XCBuildConfiguration section */
		F8EE751420D00217008D5A59 /* Debug */ = {
			isa = XCBuildConfiguration;
			buildSettings = {
				ALWAYS_SEARCH_USER_PATHS = NO;
				CLANG_ANALYZER_NONNULL = YES;
				CLANG_ANALYZER_NUMBER_OBJECT_CONVERSION = YES_AGGRESSIVE;
				CLANG_CXX_LANGUAGE_STANDARD = "gnu++14";
				CLANG_CXX_LIBRARY = "libc++";
				CLANG_ENABLE_MODULES = YES;
				CLANG_ENABLE_OBJC_ARC = YES;
				CLANG_ENABLE_OBJC_WEAK = YES;
				CLANG_WARN_BLOCK_CAPTURE_AUTORELEASING = YES;
				CLANG_WARN_BOOL_CONVERSION = YES;
				CLANG_WARN_COMMA = YES;
				CLANG_WARN_CONSTANT_CONVERSION = YES;
				CLANG_WARN_DEPRECATED_OBJC_IMPLEMENTATIONS = YES;
				CLANG_WARN_DIRECT_OBJC_ISA_USAGE = YES_ERROR;
				CLANG_WARN_DOCUMENTATION_COMMENTS = YES;
				CLANG_WARN_EMPTY_BODY = YES;
				CLANG_WARN_ENUM_CONVERSION = YES;
				CLANG_WARN_INFINITE_RECURSION = YES;
				CLANG_WARN_INT_CONVERSION = YES;
				CLANG_WARN_NON_LITERAL_NULL_CONVERSION = YES;
				CLANG_WARN_OBJC_IMPLICIT_RETAIN_SELF = YES;
				CLANG_WARN_OBJC_LITERAL_CONVERSION = YES;
				CLANG_WARN_OBJC_ROOT_CLASS = YES_ERROR;
				CLANG_WARN_RANGE_LOOP_ANALYSIS = YES;
				CLANG_WARN_STRICT_PROTOTYPES = YES;
				CLANG_WARN_SUSPICIOUS_MOVE = YES;
				CLANG_WARN_UNGUARDED_AVAILABILITY = YES_AGGRESSIVE;
				CLANG_WARN_UNREACHABLE_CODE = YES;
				CLANG_WARN__DUPLICATE_METHOD_MATCH = YES;
				CODE_SIGN_IDENTITY = "iPhone Developer";
				COPY_PHASE_STRIP = NO;
				DEBUG_INFORMATION_FORMAT = dwarf;
				ENABLE_STRICT_OBJC_MSGSEND = YES;
				ENABLE_TESTABILITY = YES;
				GCC_C_LANGUAGE_STANDARD = gnu11;
				GCC_DYNAMIC_NO_PIC = NO;
				GCC_NO_COMMON_BLOCKS = YES;
				GCC_OPTIMIZATION_LEVEL = 0;
				GCC_PREPROCESSOR_DEFINITIONS = (
					"DEBUG=1",
					"$(inherited)",
				);
				GCC_WARN_64_TO_32_BIT_CONVERSION = YES;
				GCC_WARN_ABOUT_RETURN_TYPE = YES_ERROR;
				GCC_WARN_UNDECLARED_SELECTOR = YES;
				GCC_WARN_UNINITIALIZED_AUTOS = YES_AGGRESSIVE;
				GCC_WARN_UNUSED_FUNCTION = YES;
				GCC_WARN_UNUSED_VARIABLE = YES;
				IPHONEOS_DEPLOYMENT_TARGET = 11.3;
				MTL_ENABLE_DEBUG_INFO = YES;
				ONLY_ACTIVE_ARCH = YES;
				SDKROOT = iphoneos;
				SWIFT_ACTIVE_COMPILATION_CONDITIONS = DEBUG;
				SWIFT_OPTIMIZATION_LEVEL = "-Onone";
			};
			name = Debug;
		};
		F8EE751520D00217008D5A59 /* Release */ = {
			isa = XCBuildConfiguration;
			buildSettings = {
				ALWAYS_SEARCH_USER_PATHS = NO;
				CLANG_ANALYZER_NONNULL = YES;
				CLANG_ANALYZER_NUMBER_OBJECT_CONVERSION = YES_AGGRESSIVE;
				CLANG_CXX_LANGUAGE_STANDARD = "gnu++14";
				CLANG_CXX_LIBRARY = "libc++";
				CLANG_ENABLE_MODULES = YES;
				CLANG_ENABLE_OBJC_ARC = YES;
				CLANG_ENABLE_OBJC_WEAK = YES;
				CLANG_WARN_BLOCK_CAPTURE_AUTORELEASING = YES;
				CLANG_WARN_BOOL_CONVERSION = YES;
				CLANG_WARN_COMMA = YES;
				CLANG_WARN_CONSTANT_CONVERSION = YES;
				CLANG_WARN_DEPRECATED_OBJC_IMPLEMENTATIONS = YES;
				CLANG_WARN_DIRECT_OBJC_ISA_USAGE = YES_ERROR;
				CLANG_WARN_DOCUMENTATION_COMMENTS = YES;
				CLANG_WARN_EMPTY_BODY = YES;
				CLANG_WARN_ENUM_CONVERSION = YES;
				CLANG_WARN_INFINITE_RECURSION = YES;
				CLANG_WARN_INT_CONVERSION = YES;
				CLANG_WARN_NON_LITERAL_NULL_CONVERSION = YES;
				CLANG_WARN_OBJC_IMPLICIT_RETAIN_SELF = YES;
				CLANG_WARN_OBJC_LITERAL_CONVERSION = YES;
				CLANG_WARN_OBJC_ROOT_CLASS = YES_ERROR;
				CLANG_WARN_RANGE_LOOP_ANALYSIS = YES;
				CLANG_WARN_STRICT_PROTOTYPES = YES;
				CLANG_WARN_SUSPICIOUS_MOVE = YES;
				CLANG_WARN_UNGUARDED_AVAILABILITY = YES_AGGRESSIVE;
				CLANG_WARN_UNREACHABLE_CODE = YES;
				CLANG_WARN__DUPLICATE_METHOD_MATCH = YES;
				CODE_SIGN_IDENTITY = "iPhone Developer";
				COPY_PHASE_STRIP = NO;
				DEBUG_INFORMATION_FORMAT = "dwarf-with-dsym";
				ENABLE_NS_ASSERTIONS = NO;
				ENABLE_STRICT_OBJC_MSGSEND = YES;
				GCC_C_LANGUAGE_STANDARD = gnu11;
				GCC_NO_COMMON_BLOCKS = YES;
				GCC_WARN_64_TO_32_BIT_CONVERSION = YES;
				GCC_WARN_ABOUT_RETURN_TYPE = YES_ERROR;
				GCC_WARN_UNDECLARED_SELECTOR = YES;
				GCC_WARN_UNINITIALIZED_AUTOS = YES_AGGRESSIVE;
				GCC_WARN_UNUSED_FUNCTION = YES;
				GCC_WARN_UNUSED_VARIABLE = YES;
				IPHONEOS_DEPLOYMENT_TARGET = 11.3;
				MTL_ENABLE_DEBUG_INFO = NO;
				SDKROOT = iphoneos;
				SWIFT_COMPILATION_MODE = wholemodule;
				SWIFT_OPTIMIZATION_LEVEL = "-O";
				VALIDATE_PRODUCT = YES;
			};
			name = Release;
		};
		F8EE751720D00217008D5A59 /* Debug */ = {
			isa = XCBuildConfiguration;
			buildSettings = {
				ASSETCATALOG_COMPILER_APPICON_NAME = AppIcon;
				CODE_SIGN_STYLE = Automatic;
				INFOPLIST_FILE = testOfGrammer2/Info.plist;
				LD_RUNPATH_SEARCH_PATHS = (
					"$(inherited)",
					"@executable_path/Frameworks",
				);
				PRODUCT_BUNDLE_IDENTIFIER = com.naru.testOfGrammer2;
				PRODUCT_NAME = "$(TARGET_NAME)";
				SWIFT_VERSION = 4.0;
				TARGETED_DEVICE_FAMILY = "1,2";
			};
			name = Debug;
		};
		F8EE751820D00217008D5A59 /* Release */ = {
			isa = XCBuildConfiguration;
			buildSettings = {
				ASSETCATALOG_COMPILER_APPICON_NAME = AppIcon;
				CODE_SIGN_STYLE = Automatic;
				INFOPLIST_FILE = testOfGrammer2/Info.plist;
				LD_RUNPATH_SEARCH_PATHS = (
					"$(inherited)",
					"@executable_path/Frameworks",
				);
				PRODUCT_BUNDLE_IDENTIFIER = com.naru.testOfGrammer2;
				PRODUCT_NAME = "$(TARGET_NAME)";
				SWIFT_VERSION = 4.0;
				TARGETED_DEVICE_FAMILY = "1,2";
			};
			name = Release;
		};
		F8EE751A20D00217008D5A59 /* Debug */ = {
			isa = XCBuildConfiguration;
			buildSettings = {
				ALWAYS_EMBED_SWIFT_STANDARD_LIBRARIES = YES;
				BUNDLE_LOADER = "$(TEST_HOST)";
				CODE_SIGN_STYLE = Automatic;
				INFOPLIST_FILE = testOfGrammer2Tests/Info.plist;
				LD_RUNPATH_SEARCH_PATHS = (
					"$(inherited)",
					"@executable_path/Frameworks",
					"@loader_path/Frameworks",
				);
				PRODUCT_BUNDLE_IDENTIFIER = com.naru.testOfGrammer2Tests;
				PRODUCT_NAME = "$(TARGET_NAME)";
				SWIFT_VERSION = 4.0;
				TARGETED_DEVICE_FAMILY = "1,2";
				TEST_HOST = "$(BUILT_PRODUCTS_DIR)/testOfGrammer2.app/testOfGrammer2";
			};
			name = Debug;
		};
		F8EE751B20D00217008D5A59 /* Release */ = {
			isa = XCBuildConfiguration;
			buildSettings = {
				ALWAYS_EMBED_SWIFT_STANDARD_LIBRARIES = YES;
				BUNDLE_LOADER = "$(TEST_HOST)";
				CODE_SIGN_STYLE = Automatic;
				INFOPLIST_FILE = testOfGrammer2Tests/Info.plist;
				LD_RUNPATH_SEARCH_PATHS = (
					"$(inherited)",
					"@executable_path/Frameworks",
					"@loader_path/Frameworks",
				);
				PRODUCT_BUNDLE_IDENTIFIER = com.naru.testOfGrammer2Tests;
				PRODUCT_NAME = "$(TARGET_NAME)";
				SWIFT_VERSION = 4.0;
				TARGETED_DEVICE_FAMILY = "1,2";
				TEST_HOST = "$(BUILT_PRODUCTS_DIR)/testOfGrammer2.app/testOfGrammer2";
			};
			name = Release;
		};
		F8EE751D20D00217008D5A59 /* Debug */ = {
			isa = XCBuildConfiguration;
			buildSettings = {
				ALWAYS_EMBED_SWIFT_STANDARD_LIBRARIES = YES;
				CODE_SIGN_STYLE = Automatic;
				INFOPLIST_FILE = testOfGrammer2UITests/Info.plist;
				LD_RUNPATH_SEARCH_PATHS = (
					"$(inherited)",
					"@executable_path/Frameworks",
					"@loader_path/Frameworks",
				);
				PRODUCT_BUNDLE_IDENTIFIER = com.naru.testOfGrammer2UITests;
				PRODUCT_NAME = "$(TARGET_NAME)";
				SWIFT_VERSION = 4.0;
				TARGETED_DEVICE_FAMILY = "1,2";
				TEST_TARGET_NAME = testOfGrammer2;
			};
			name = Debug;
		};
		F8EE751E20D00217008D5A59 /* Release */ = {
			isa = XCBuildConfiguration;
			buildSettings = {
				ALWAYS_EMBED_SWIFT_STANDARD_LIBRARIES = YES;
				CODE_SIGN_STYLE = Automatic;
				INFOPLIST_FILE = testOfGrammer2UITests/Info.plist;
				LD_RUNPATH_SEARCH_PATHS = (
					"$(inherited)",
					"@executable_path/Frameworks",
					"@loader_path/Frameworks",
				);
				PRODUCT_BUNDLE_IDENTIFIER = com.naru.testOfGrammer2UITests;
				PRODUCT_NAME = "$(TARGET_NAME)";
				SWIFT_VERSION = 4.0;
				TARGETED_DEVICE_FAMILY = "1,2";
				TEST_TARGET_NAME = testOfGrammer2;
			};
			name = Release;
		};
/* End XCBuildConfiguration section */

/* Begin XCConfigurationList section */
		F8EE74E920D00213008D5A59 /* Build configuration list for PBXProject "testOfGrammer2" */ = {
			isa = XCConfigurationList;
			buildConfigurations = (
				F8EE751420D00217008D5A59 /* Debug */,
				F8EE751520D00217008D5A59 /* Release */,
			);
			defaultConfigurationIsVisible = 0;
			defaultConfigurationName = Release;
		};
		F8EE751620D00217008D5A59 /* Build configuration list for PBXNativeTarget "testOfGrammer2" */ = {
			isa = XCConfigurationList;
			buildConfigurations = (
				F8EE751720D00217008D5A59 /* Debug */,
				F8EE751820D00217008D5A59 /* Release */,
			);
			defaultConfigurationIsVisible = 0;
			defaultConfigurationName = Release;
		};
		F8EE751920D00217008D5A59 /* Build configuration list for PBXNativeTarget "testOfGrammer2Tests" */ = {
			isa = XCConfigurationList;
			buildConfigurations = (
				F8EE751A20D00217008D5A59 /* Debug */,
				F8EE751B20D00217008D5A59 /* Release */,
			);
			defaultConfigurationIsVisible = 0;
			defaultConfigurationName = Release;
		};
		F8EE751C20D00217008D5A59 /* Build configuration list for PBXNativeTarget "testOfGrammer2UITests" */ = {
			isa = XCConfigurationList;
			buildConfigurations = (
				F8EE751D20D00217008D5A59 /* Debug */,
				F8EE751E20D00217008D5A59 /* Release */,
			);
			defaultConfigurationIsVisible = 0;
			defaultConfigurationName = Release;
		};
/* End XCConfigurationList section */
	};
	rootObject = F8EE74E620D00213008D5A59 /* Project object */;
}
